<?xml version="1.0" encoding="utf-8"?>
<Project ToolsVersion="4.0" xmlns="http://schemas.microsoft.com/developer/msbuild/2003">
  <ItemGroup>
    <Filter Include="Source Files">
      <UniqueIdentifier>{4FC737F1-C7A5-4376-A066-2A32D752A2FF}</UniqueIdentifier>
      <Extensions>cpp;c;cc;cxx;def;odl;idl;hpj;bat;asm;asmx</Extensions>
    </Filter>
    <Filter Include="Header Files">
      <UniqueIdentifier>{93995380-89BD-4b04-88EB-625FBE52EBFB}</UniqueIdentifier>
      <Extensions>h;hh;hpp;hxx;hm;inl;inc;xsd</Extensions>
    </Filter>
    <Filter Include="Resource Files">
      <UniqueIdentifier>{67DA6AB6-F800-4c08-8B7A-83BB121AAD01}</UniqueIdentifier>
      <Extensions>rc;ico;cur;bmp;dlg;rc2;rct;bin;rgs;gif;jpg;jpeg;jpe;resx;tiff;tif;png;wav;mfcribbon-ms</Extensions>
    </Filter>
  </ItemGroup>
  <ItemGroup>
    <Text Include="ReadMe.txt" />
  </ItemGroup>
  <ItemGroup>
    <ClInclude Include="stdafx.h">
      <Filter>Header Files</Filter>
    </ClInclude>
    <ClInclude Include="targetver.h">
      <Filter>Header Files</Filter>
    </ClInclude>
    <ClInclude Include="AbstractLoader.hpp">
      <Filter>Header Files</Filter>
    </ClInclude>
    <ClInclude Include="GlobalData.hpp">
      <Filter>Header Files</Filter>
    </ClInclude>
    <ClInclude Include="Utils.hpp">
      <Filter>Header Files</Filter>
    </ClInclude>
    <ClInclude Include="Editor.FileSystem\INIFile\CStringHelper.hpp">
      <Filter>Header Files</Filter>
    </ClInclude>
    <ClInclude Include="Editor.FileSystem\INIFile\INIFile.hpp">
      <Filter>Header Files</Filter>
    </ClInclude>
    <ClInclude Include="Editor.FileSystem\INIFile\INIParser.hpp">
      <Filter>Header Files</Filter>
    </ClInclude>
    <ClInclude Include="Editor.FileSystem\INIFile\INISection.hpp">
      <Filter>Header Files</Filter>
    </ClInclude>
    <ClInclude Include="Editor.FileSystem\INIFile\LineSplitter.hpp">
      <Filter>Header Files</Filter>
    </ClInclude>
    <ClInclude Include="Editor.FileSystem\MapFile\Base64.hpp">
      <Filter>Header Files</Filter>
    </ClInclude>
    <ClInclude Include="Editor.FileSystem\MixFile\Blowfish.hpp">
      <Filter>Header Files</Filter>
    </ClInclude>
    <ClInclude Include="Editor.FileSystem\MixFile\Ccrc.hpp">
      <Filter>Header Files</Filter>
    </ClInclude>
    <ClInclude Include="Editor.FileSystem\MixFile\KeyCalculator.hpp">
      <Filter>Header Files</Filter>
    </ClInclude>
    <ClInclude Include="Editor.FileSystem\MixFile\MixFile.hpp">
      <Filter>Header Files</Filter>
    </ClInclude>
    <ClInclude Include="Editor.FileSystem\PaletteFile\PaletteFile.hpp">
      <Filter>Header Files</Filter>
    </ClInclude>
    <ClInclude Include="Editor.FileSystem\TmpFile\TMPFile.hpp">
      <Filter>Header Files</Filter>
    </ClInclude>
    <ClInclude Include="Editor.FileSystem\TmpFile\TMPImage.hpp">
      <Filter>Header Files</Filter>
    </ClInclude>
    <ClInclude Include="Editor.Objects.Westwood\AbstractType.hpp">
      <Filter>Header Files</Filter>
    </ClInclude>
    <ClInclude Include="Editor.Objects.Westwood\AircraftType.hpp">
      <Filter>Header Files</Filter>
    </ClInclude>
    <ClInclude Include="Editor.Objects.Westwood\Animation.hpp">
      <Filter>Header Files</Filter>
    </ClInclude>
    <ClInclude Include="Editor.Objects.Westwood\BuildingType.hpp">
      <Filter>Header Files</Filter>
    </ClInclude>
    <ClInclude Include="Editor.Objects.Westwood\Foundation.hpp">
      <Filter>Header Files</Filter>
    </ClInclude>
    <ClInclude Include="Editor.Objects.Westwood\InfantryType.hpp">
      <Filter>Header Files</Filter>
    </ClInclude>
    <ClInclude Include="Editor.Objects.Westwood\ObjectType.hpp">
      <Filter>Header Files</Filter>
    </ClInclude>
    <ClInclude Include="Editor.Objects.Westwood\OverlayType.hpp">
      <Filter>Header Files</Filter>
    </ClInclude>
    <ClInclude Include="Editor.Objects.Westwood\SmudgeType.hpp">
      <Filter>Header Files</Filter>
    </ClInclude>
    <ClInclude Include="Editor.Objects.Westwood\TechnoType.hpp">
      <Filter>Header Files</Filter>
    </ClInclude>
    <ClInclude Include="Editor.Objects.Westwood\TerrainType.hpp">
      <Filter>Header Files</Filter>
    </ClInclude>
    <ClInclude Include="Editor.Objects.Westwood\Tiberium.hpp">
      <Filter>Header Files</Filter>
    </ClInclude>
    <ClInclude Include="Editor.Objects.Westwood\Vector2D.hpp">
      <Filter>Header Files</Filter>
    </ClInclude>
    <ClInclude Include="Editor.Objects.Westwood\Vector3D.hpp">
      <Filter>Header Files</Filter>
    </ClInclude>
    <ClInclude Include="Editor.Objects.Westwood\VehicleType.hpp">
      <Filter>Header Files</Filter>
    </ClInclude>
    <ClInclude Include="Editor.Engine\Loading\MapAssetLoader.hpp">
      <Filter>Header Files</Filter>
    </ClInclude>
    <ClInclude Include="Editor.Engine\Loading\MapLoader.hpp">
      <Filter>Header Files</Filter>
    </ClInclude>
    <ClInclude Include="Editor.Engine\Loading\StartupLoader.hpp">
      <Filter>Header Files</Filter>
    </ClInclude>
    <ClInclude Include="Editor.Engine\Map\Map.hpp">
      <Filter>Header Files</Filter>
    </ClInclude>
    <ClInclude Include="Editor.Engine\Map\TheaterCollection.hpp">
      <Filter>Header Files</Filter>
    </ClInclude>
    <ClInclude Include="Editor.Engine\Map\TheaterDefinition.hpp">
      <Filter>Header Files</Filter>
    </ClInclude>
    <ClInclude Include="Editor.FileSystem\FileManager\BinaryReader.hpp">
      <Filter>Header Files</Filter>
    </ClInclude>
    <ClInclude Include="Editor.FileSystem\FileManager\FileSystem.hpp">
      <Filter>Header Files</Filter>
    </ClInclude>
    <ClInclude Include="Editor.FileSystem\FileManager\RawFileSystem.hpp">
      <Filter>Header Files</Filter>
    </ClInclude>
    <ClInclude Include="Editor.FileSystem\FileManager\Managers\MixManager.hpp">
      <Filter>Header Files</Filter>
    </ClInclude>
    <ClInclude Include="Editor.FileSystem\FileManager\Managers\INIManager.hpp">
      <Filter>Header Files</Filter>
    </ClInclude>
    <ClInclude Include="Editor.FileSystem\FileManager\Managers\TMPManager.hpp">
      <Filter>Header Files</Filter>
    </ClInclude>
    <ClInclude Include="Editor.FileSystem\ShpFile\ShpFile.hpp">
      <Filter>Header Files</Filter>
    </ClInclude>
    <ClInclude Include="Editor.FileSystem\ShpFile\ShpImage.hpp">
      <Filter>Header Files</Filter>
    </ClInclude>
    <ClInclude Include="Editor.FileSystem\FileManager\Managers\SHPManager.hpp">
      <Filter>Header Files</Filter>
    </ClInclude>
    <ClInclude Include="Editor.FileSystem\ShpFile\Format3.hpp">
      <Filter>Header Files</Filter>
    </ClInclude>
    <ClInclude Include="Editor.FileSystem\HvaFile\HVAFile.hpp">
      <Filter>Header Files</Filter>
    </ClInclude>
    <ClInclude Include="Editor.FileSystem\VoxelFile\VPLFile.hpp">
      <Filter>Header Files</Filter>
    </ClInclude>
    <ClInclude Include="Editor.FileSystem\VoxelFile\VXLFile.hpp">
      <Filter>Header Files</Filter>
    </ClInclude>
    <ClInclude Include="Editor.FileSystem\FileManager\Managers\PALManager.hpp">
      <Filter>Header Files</Filter>
    </ClInclude>
    <ClInclude Include="Editor.FileSystem\FileManager\Managers\VXLManager.hpp">
      <Filter>Header Files</Filter>
    </ClInclude>
    <ClInclude Include="Editor.Engine\Map\TileSet.hpp">
      <Filter>Header Files</Filter>
    </ClInclude>
    <ClInclude Include="Editor.Engine\Map\Theater.hpp">
      <Filter>Header Files</Filter>
    </ClInclude>
  </ItemGroup>
  <ItemGroup>
    <ClCompile Include="stdafx.cpp">
      <Filter>Source Files</Filter>
    </ClCompile>
    <ClCompile Include="Map_Editor_BaseCode.cpp">
      <Filter>Source Files</Filter>
    </ClCompile>
    <ClCompile Include="AbstractLoader.cpp">
      <Filter>Source Files</Filter>
    </ClCompile>
    <ClCompile Include="GlobalData.cpp">
      <Filter>Source Files</Filter>
    </ClCompile>
    <ClCompile Include="Utils.cpp">
      <Filter>Source Files</Filter>
    </ClCompile>
    <ClCompile Include="Editor.FileSystem\INIFile\INIFile.cpp">
      <Filter>Source Files</Filter>
    </ClCompile>
    <ClCompile Include="Editor.FileSystem\INIFile\INIParser.cpp">
      <Filter>Source Files</Filter>
    </ClCompile>
    <ClCompile Include="Editor.FileSystem\INIFile\INISection.cpp">
      <Filter>Source Files</Filter>
    </ClCompile>
    <ClCompile Include="Editor.FileSystem\INIFile\LineSplitter.cpp">
      <Filter>Source Files</Filter>
    </ClCompile>
    <ClCompile Include="Editor.FileSystem\MapFile\Base64.cpp">
      <Filter>Source Files</Filter>
    </ClCompile>
    <ClCompile Include="Editor.FileSystem\MixFile\Blowfish.cpp">
      <Filter>Source Files</Filter>
    </ClCompile>
    <ClCompile Include="Editor.FileSystem\MixFile\Ccrc.cpp">
      <Filter>Source Files</Filter>
    </ClCompile>
    <ClCompile Include="Editor.FileSystem\MixFile\KeyCalculator.cpp">
      <Filter>Source Files</Filter>
    </ClCompile>
    <ClCompile Include="Editor.FileSystem\MixFile\MixFile.cpp">
      <Filter>Source Files</Filter>
    </ClCompile>
    <ClCompile Include="Editor.FileSystem\PaletteFile\PaletteFile.cpp">
      <Filter>Source Files</Filter>
    </ClCompile>
    <ClCompile Include="Editor.FileSystem\TmpFile\TMPFile.cpp">
      <Filter>Source Files</Filter>
    </ClCompile>
    <ClCompile Include="Editor.FileSystem\TmpFile\TMPImage.cpp">
      <Filter>Source Files</Filter>
    </ClCompile>
    <ClCompile Include="Editor.Objects.Westwood\AbstractType.cpp">
      <Filter>Source Files</Filter>
    </ClCompile>
    <ClCompile Include="Editor.Objects.Westwood\AircraftType.cpp">
      <Filter>Source Files</Filter>
    </ClCompile>
    <ClCompile Include="Editor.Objects.Westwood\Animation.cpp">
      <Filter>Source Files</Filter>
    </ClCompile>
    <ClCompile Include="Editor.Objects.Westwood\BuildingType.cpp">
      <Filter>Source Files</Filter>
    </ClCompile>
    <ClCompile Include="Editor.Objects.Westwood\Foundation.cpp">
      <Filter>Source Files</Filter>
    </ClCompile>
    <ClCompile Include="Editor.Objects.Westwood\InfantryType.cpp">
      <Filter>Source Files</Filter>
    </ClCompile>
    <ClCompile Include="Editor.Objects.Westwood\ObjectType.cpp">
      <Filter>Source Files</Filter>
    </ClCompile>
    <ClCompile Include="Editor.Objects.Westwood\OverlayType.cpp">
      <Filter>Source Files</Filter>
    </ClCompile>
    <ClCompile Include="Editor.Objects.Westwood\SmudgeType.cpp">
      <Filter>Source Files</Filter>
    </ClCompile>
    <ClCompile Include="Editor.Objects.Westwood\TechnoType.cpp">
      <Filter>Source Files</Filter>
    </ClCompile>
    <ClCompile Include="Editor.Objects.Westwood\TerrainType.cpp">
      <Filter>Source Files</Filter>
    </ClCompile>
    <ClCompile Include="Editor.Objects.Westwood\Tiberium.cpp">
      <Filter>Source Files</Filter>
    </ClCompile>
    <ClCompile Include="Editor.Objects.Westwood\Vector2D.cpp">
      <Filter>Source Files</Filter>
    </ClCompile>
    <ClCompile Include="Editor.Objects.Westwood\Vector3D.cpp">
      <Filter>Source Files</Filter>
    </ClCompile>
    <ClCompile Include="Editor.Objects.Westwood\VehicleType.cpp">
      <Filter>Source Files</Filter>
    </ClCompile>
    <ClCompile Include="Editor.Engine\Loading\MapAssetLoader.cpp">
      <Filter>Source Files</Filter>
    </ClCompile>
    <ClCompile Include="Editor.Engine\Loading\MapLoader.cpp">
      <Filter>Source Files</Filter>
    </ClCompile>
    <ClCompile Include="Editor.Engine\Loading\StartupLoader.cpp">
      <Filter>Source Files</Filter>
    </ClCompile>
    <ClCompile Include="Editor.Engine\Map\Map.cpp">
      <Filter>Source Files</Filter>
    </ClCompile>
    <ClCompile Include="Editor.Engine\Map\TheaterCollection.cpp">
      <Filter>Source Files</Filter>
    </ClCompile>
    <ClCompile Include="Editor.Engine\Map\TheaterDefinition.cpp">
      <Filter>Source Files</Filter>
    </ClCompile>
    <ClCompile Include="Editor.FileSystem\FileManager\BinaryReader.cpp">
      <Filter>Source Files</Filter>
    </ClCompile>
    <ClCompile Include="Editor.FileSystem\FileManager\FileSystem.cpp">
      <Filter>Source Files</Filter>
    </ClCompile>
    <ClCompile Include="Editor.FileSystem\FileManager\RawFileSystem.cpp">
      <Filter>Source Files</Filter>
    </ClCompile>
    <ClCompile Include="Editor.FileSystem\FileManager\Managers\MixManager.cpp">
      <Filter>Source Files</Filter>
    </ClCompile>
    <ClCompile Include="Editor.FileSystem\FileManager\Managers\INIManager.cpp">
      <Filter>Source Files</Filter>
    </ClCompile>
    <ClCompile Include="Editor.FileSystem\FileManager\Managers\TMPManager.cpp">
      <Filter>Source Files</Filter>
    </ClCompile>
    <ClCompile Include="Editor.FileSystem\ShpFile\ShpImage.cpp">
      <Filter>Source Files</Filter>
    </ClCompile>
    <ClCompile Include="Editor.FileSystem\ShpFile\ShpFile.cpp">
      <Filter>Source Files</Filter>
    </ClCompile>
    <ClCompile Include="Editor.FileSystem\FileManager\Managers\SHPManager.cpp">
      <Filter>Source Files</Filter>
    </ClCompile>
    <ClCompile Include="Editor.FileSystem\ShpFile\Format3.cpp">
      <Filter>Source Files</Filter>
    </ClCompile>
    <ClCompile Include="Editor.FileSystem\HvaFile\HVAFile.cpp">
      <Filter>Source Files</Filter>
    </ClCompile>
    <ClCompile Include="Editor.FileSystem\VoxelFile\VPLFile.cpp">
      <Filter>Source Files</Filter>
    </ClCompile>
    <ClCompile Include="Editor.FileSystem\VoxelFile\VXLFile.cpp">
      <Filter>Source Files</Filter>
    </ClCompile>
    <ClCompile Include="Editor.FileSystem\FileManager\Managers\PALManager.cpp">
      <Filter>Source Files</Filter>
    </ClCompile>
    <ClCompile Include="Editor.FileSystem\FileManager\Managers\VXLManager.cpp">
      <Filter>Source Files</Filter>
    </ClCompile>
    <ClCompile Include="Editor.Engine\Map\TileSet.cpp">
      <Filter>Source Files</Filter>
    </ClCompile>
    <ClCompile Include="Editor.Engine\Map\Theater.cpp">
      <Filter>Source Files</Filter>
    </ClCompile>
  </ItemGroup>
  <ItemGroup>
    <None Include="CONFIG" />
  </ItemGroup>
</Project>