<?xml version="1.0" encoding="utf-8"?>
<Project ToolsVersion="4.0" xmlns="http://schemas.microsoft.com/developer/msbuild/2003">
  <ItemGroup>
    <Filter Include="Source Files">
      <UniqueIdentifier>{4FC737F1-C7A5-4376-A066-2A32D752A2FF}</UniqueIdentifier>
      <Extensions>cpp;c;cc;cxx;def;odl;idl;hpj;bat;asm;asmx</Extensions>
    </Filter>
    <Filter Include="Header Files">
      <UniqueIdentifier>{93995380-89BD-4b04-88EB-625FBE52EBFB}</UniqueIdentifier>
      <Extensions>h;hh;hpp;hxx;hm;inl;inc;xsd</Extensions>
    </Filter>
    <Filter Include="Resource Files">
      <UniqueIdentifier>{67DA6AB6-F800-4c08-8B7A-83BB121AAD01}</UniqueIdentifier>
      <Extensions>rc;ico;cur;bmp;dlg;rc2;rct;bin;rgs;gif;jpg;jpeg;jpe;resx;tiff;tif;png;wav;mfcribbon-ms</Extensions>
    </Filter>
  </ItemGroup>
  <ItemGroup>
    <Text Include="ReadMe.txt" />
  </ItemGroup>
  <ItemGroup>
    <ClInclude Include="stdafx.h">
      <Filter>Header Files</Filter>
    </ClInclude>
    <ClInclude Include="targetver.h">
      <Filter>Header Files</Filter>
    </ClInclude>
    <ClInclude Include="AbstractLoader.hpp">
      <Filter>Header Files</Filter>
    </ClInclude>
    <ClInclude Include="GlobalData.hpp">
      <Filter>Header Files</Filter>
    </ClInclude>
    <ClInclude Include="Reading\BinaryReader.hpp">
      <Filter>Header Files</Filter>
    </ClInclude>
    <ClInclude Include="Loading\StartupLoader.hpp">
      <Filter>Header Files</Filter>
    </ClInclude>
    <ClInclude Include="Handlers\MixFileHandler.hpp">
      <Filter>Header Files</Filter>
    </ClInclude>
    <ClInclude Include="FileSystem\MixFile\Blowfish.hpp">
      <Filter>Header Files</Filter>
    </ClInclude>
    <ClInclude Include="FileSystem\MixFile\Ccrc.hpp">
      <Filter>Header Files</Filter>
    </ClInclude>
    <ClInclude Include="FileSystem\MixFile\KeyCalculator.hpp">
      <Filter>Header Files</Filter>
    </ClInclude>
    <ClInclude Include="FileSystem\MixFile\MixFile.hpp">
      <Filter>Header Files</Filter>
    </ClInclude>
    <ClInclude Include="Reading\INIReader.hpp">
      <Filter>Header Files</Filter>
    </ClInclude>
    <ClInclude Include="Reading\INISection.hpp">
      <Filter>Header Files</Filter>
    </ClInclude>
    <ClInclude Include="Reading\CStringHelper.hpp">
      <Filter>Header Files</Filter>
    </ClInclude>
    <ClInclude Include="Reading\INISection.hpp">
      <Filter>Header Files</Filter>
    </ClInclude>
    <ClInclude Include="Reading\LineSplitter.hpp">
      <Filter>Header Files</Filter>
    </ClInclude>
    <ClInclude Include="Handlers\INIFileHandler.hpp">
      <Filter>Header Files</Filter>
    </ClInclude>
  </ItemGroup>
  <ItemGroup>
    <ClCompile Include="stdafx.cpp">
      <Filter>Source Files</Filter>
    </ClCompile>
    <ClCompile Include="Map_Editor_BaseCode.cpp">
      <Filter>Source Files</Filter>
    </ClCompile>
    <ClCompile Include="AbstractLoader.cpp">
      <Filter>Source Files</Filter>
    </ClCompile>
    <ClCompile Include="GlobalData.cpp">
      <Filter>Source Files</Filter>
    </ClCompile>
    <ClCompile Include="Reading\BinaryReader.cpp">
      <Filter>Source Files</Filter>
    </ClCompile>
    <ClCompile Include="Loading\StartupLoader.cpp">
      <Filter>Source Files</Filter>
    </ClCompile>
    <ClCompile Include="Handlers\MixFileHandler.cpp">
      <Filter>Source Files</Filter>
    </ClCompile>
    <ClCompile Include="FileSystem\MixFile\Blowfish.cpp">
      <Filter>Source Files</Filter>
    </ClCompile>
    <ClCompile Include="FileSystem\MixFile\Ccrc.cpp">
      <Filter>Source Files</Filter>
    </ClCompile>
    <ClCompile Include="FileSystem\MixFile\KeyCalculator.cpp">
      <Filter>Source Files</Filter>
    </ClCompile>
    <ClCompile Include="FileSystem\MixFile\MixFile.cpp">
      <Filter>Source Files</Filter>
    </ClCompile>
    <ClCompile Include="Reading\INIReader.cpp">
      <Filter>Source Files</Filter>
    </ClCompile>
    <ClCompile Include="Reading\INISection.cpp">
      <Filter>Source Files</Filter>
    </ClCompile>
    <ClCompile Include="Reading\INISection.cpp">
      <Filter>Source Files</Filter>
    </ClCompile>
    <ClCompile Include="Reading\LineSplitter.cpp">
      <Filter>Source Files</Filter>
    </ClCompile>
    <ClCompile Include="Handlers\INIFileHandler.cpp">
      <Filter>Source Files</Filter>
    </ClCompile>
  </ItemGroup>
</Project>