<?xml version="1.0" encoding="utf-8"?>
<Project ToolsVersion="4.0" xmlns="http://schemas.microsoft.com/developer/msbuild/2003">
  <ItemGroup>
    <Filter Include="Source Files">
      <UniqueIdentifier>{4FC737F1-C7A5-4376-A066-2A32D752A2FF}</UniqueIdentifier>
      <Extensions>cpp;c;cc;cxx;def;odl;idl;hpj;bat;asm;asmx</Extensions>
    </Filter>
    <Filter Include="Header Files">
      <UniqueIdentifier>{93995380-89BD-4b04-88EB-625FBE52EBFB}</UniqueIdentifier>
      <Extensions>h;hh;hpp;hxx;hm;inl;inc;xsd</Extensions>
    </Filter>
    <Filter Include="Resource Files">
      <UniqueIdentifier>{67DA6AB6-F800-4c08-8B7A-83BB121AAD01}</UniqueIdentifier>
      <Extensions>rc;ico;cur;bmp;dlg;rc2;rct;bin;rgs;gif;jpg;jpeg;jpe;resx;tiff;tif;png;wav;mfcribbon-ms</Extensions>
    </Filter>
  </ItemGroup>
  <ItemGroup>
    <Text Include="ReadMe.txt" />
  </ItemGroup>
  <ItemGroup>
    <ClInclude Include="stdafx.h">
      <Filter>Header Files</Filter>
    </ClInclude>
    <ClInclude Include="targetver.h">
      <Filter>Header Files</Filter>
    </ClInclude>
    <ClInclude Include="Utils.hpp">
      <Filter>Header Files</Filter>
    </ClInclude>
    <ClInclude Include="Editor.FileSystem\INIFile\CStringHelper.hpp">
      <Filter>Header Files</Filter>
    </ClInclude>
    <ClInclude Include="Editor.FileSystem\INIFile\INIFile.hpp">
      <Filter>Header Files</Filter>
    </ClInclude>
    <ClInclude Include="Editor.FileSystem\INIFile\INISection.hpp">
      <Filter>Header Files</Filter>
    </ClInclude>
    <ClInclude Include="Editor.FileSystem\INIFile\LineSplitter.hpp">
      <Filter>Header Files</Filter>
    </ClInclude>
    <ClInclude Include="Editor.FileSystem\MixFile\Blowfish.hpp">
      <Filter>Header Files</Filter>
    </ClInclude>
    <ClInclude Include="Editor.FileSystem\MixFile\Ccrc.hpp">
      <Filter>Header Files</Filter>
    </ClInclude>
    <ClInclude Include="Editor.FileSystem\MixFile\KeyCalculator.hpp">
      <Filter>Header Files</Filter>
    </ClInclude>
    <ClInclude Include="Editor.FileSystem\MixFile\MixFile.hpp">
      <Filter>Header Files</Filter>
    </ClInclude>
    <ClInclude Include="Editor.FileSystem\PaletteFile\PaletteFile.hpp">
      <Filter>Header Files</Filter>
    </ClInclude>
    <ClInclude Include="Editor.FileSystem\TmpFile\TMPFile.hpp">
      <Filter>Header Files</Filter>
    </ClInclude>
    <ClInclude Include="Editor.FileSystem\TmpFile\TMPImage.hpp">
      <Filter>Header Files</Filter>
    </ClInclude>
    <ClInclude Include="Editor.Objects.Westwood\Vector2D.hpp">
      <Filter>Header Files</Filter>
    </ClInclude>
    <ClInclude Include="Editor.Objects.Westwood\Vector3D.hpp">
      <Filter>Header Files</Filter>
    </ClInclude>
    <ClInclude Include="Editor.Engine\Loading\MapAssetLoader.hpp">
      <Filter>Header Files</Filter>
    </ClInclude>
    <ClInclude Include="Editor.Engine\Loading\MapLoader.hpp">
      <Filter>Header Files</Filter>
    </ClInclude>
    <ClInclude Include="Editor.Engine\Loading\StartupLoader.hpp">
      <Filter>Header Files</Filter>
    </ClInclude>
    <ClInclude Include="Editor.Engine\Map\Map.hpp">
      <Filter>Header Files</Filter>
    </ClInclude>
    <ClInclude Include="Editor.Engine\Map\TheaterCollection.hpp">
      <Filter>Header Files</Filter>
    </ClInclude>
    <ClInclude Include="Editor.Engine\Map\TheaterDefinition.hpp">
      <Filter>Header Files</Filter>
    </ClInclude>
    <ClInclude Include="Editor.FileSystem\FileManager\BinaryReader.hpp">
      <Filter>Header Files</Filter>
    </ClInclude>
    <ClInclude Include="Editor.FileSystem\FileManager\FileSystem.hpp">
      <Filter>Header Files</Filter>
    </ClInclude>
    <ClInclude Include="Editor.FileSystem\FileManager\RawFileSystem.hpp">
      <Filter>Header Files</Filter>
    </ClInclude>
    <ClInclude Include="Editor.FileSystem\FileManager\Managers\MixManager.hpp">
      <Filter>Header Files</Filter>
    </ClInclude>
    <ClInclude Include="Editor.FileSystem\FileManager\Managers\INIManager.hpp">
      <Filter>Header Files</Filter>
    </ClInclude>
    <ClInclude Include="Editor.FileSystem\FileManager\Managers\TMPManager.hpp">
      <Filter>Header Files</Filter>
    </ClInclude>
    <ClInclude Include="Editor.FileSystem\ShpFile\ShpFile.hpp">
      <Filter>Header Files</Filter>
    </ClInclude>
    <ClInclude Include="Editor.FileSystem\ShpFile\ShpImage.hpp">
      <Filter>Header Files</Filter>
    </ClInclude>
    <ClInclude Include="Editor.FileSystem\FileManager\Managers\SHPManager.hpp">
      <Filter>Header Files</Filter>
    </ClInclude>
    <ClInclude Include="Editor.FileSystem\ShpFile\Format3.hpp">
      <Filter>Header Files</Filter>
    </ClInclude>
    <ClInclude Include="Editor.FileSystem\HvaFile\HVAFile.hpp">
      <Filter>Header Files</Filter>
    </ClInclude>
    <ClInclude Include="Editor.FileSystem\VoxelFile\VPLFile.hpp">
      <Filter>Header Files</Filter>
    </ClInclude>
    <ClInclude Include="Editor.FileSystem\VoxelFile\VXLFile.hpp">
      <Filter>Header Files</Filter>
    </ClInclude>
    <ClInclude Include="Editor.FileSystem\FileManager\Managers\PALManager.hpp">
      <Filter>Header Files</Filter>
    </ClInclude>
    <ClInclude Include="Editor.FileSystem\FileManager\Managers\VXLManager.hpp">
      <Filter>Header Files</Filter>
    </ClInclude>
    <ClInclude Include="Editor.Engine\Map\TileSet.hpp">
      <Filter>Header Files</Filter>
    </ClInclude>
    <ClInclude Include="Editor.Objects.Westwood\Types\AbstractType.hpp">
      <Filter>Header Files</Filter>
    </ClInclude>
    <ClInclude Include="Editor.Objects.Westwood\Types\AircraftType.hpp">
      <Filter>Header Files</Filter>
    </ClInclude>
    <ClInclude Include="Editor.Objects.Westwood\Types\Animation.hpp">
      <Filter>Header Files</Filter>
    </ClInclude>
    <ClInclude Include="Editor.Objects.Westwood\Types\BuildingType.hpp">
      <Filter>Header Files</Filter>
    </ClInclude>
    <ClInclude Include="Editor.Objects.Westwood\Types\Foundation.hpp">
      <Filter>Header Files</Filter>
    </ClInclude>
    <ClInclude Include="Editor.Objects.Westwood\Types\InfantryType.hpp">
      <Filter>Header Files</Filter>
    </ClInclude>
    <ClInclude Include="Editor.Objects.Westwood\Types\ObjectType.hpp">
      <Filter>Header Files</Filter>
    </ClInclude>
    <ClInclude Include="Editor.Objects.Westwood\Types\OverlayType.hpp">
      <Filter>Header Files</Filter>
    </ClInclude>
    <ClInclude Include="Editor.Objects.Westwood\Types\SmudgeType.hpp">
      <Filter>Header Files</Filter>
    </ClInclude>
    <ClInclude Include="Editor.Objects.Westwood\Types\TechnoType.hpp">
      <Filter>Header Files</Filter>
    </ClInclude>
    <ClInclude Include="Editor.Objects.Westwood\Types\TerrainType.hpp">
      <Filter>Header Files</Filter>
    </ClInclude>
    <ClInclude Include="Editor.Objects.Westwood\Types\Tiberium.hpp">
      <Filter>Header Files</Filter>
    </ClInclude>
    <ClInclude Include="Editor.Objects.Westwood\Types\VehicleType.hpp">
      <Filter>Header Files</Filter>
    </ClInclude>
    <ClInclude Include="Log.hpp">
      <Filter>Header Files</Filter>
    </ClInclude>
    <ClInclude Include="Config.hpp">
      <Filter>Header Files</Filter>
    </ClInclude>
    <ClInclude Include="Editor.Objects.Westwood\Types\SuperWeaponType.hpp">
      <Filter>Header Files</Filter>
    </ClInclude>
    <ClInclude Include="Editor.Objects.Westwood\Types\ParticleType.hpp">
      <Filter>Header Files</Filter>
    </ClInclude>
    <ClInclude Include="Editor.Objects.Westwood\Types\VoxelAnimType.hpp">
      <Filter>Header Files</Filter>
    </ClInclude>
    <ClInclude Include="Editor.Objects.Westwood\Types\WeaponType.hpp">
      <Filter>Header Files</Filter>
    </ClInclude>
    <ClInclude Include="Editor.Engine\Loading\MapLoaderHelpers.hpp">
      <Filter>Header Files</Filter>
    </ClInclude>
    <ClInclude Include="Editor.Objects.Westwood\Types\ProjectileType.hpp">
      <Filter>Header Files</Filter>
    </ClInclude>
    <ClInclude Include="Editor.Objects.Westwood\General\General.hpp">
      <Filter>Header Files</Filter>
    </ClInclude>
    <ClInclude Include="Editor.Objects.Westwood\General\AI.hpp">
      <Filter>Header Files</Filter>
    </ClInclude>
    <ClInclude Include="Editor.Objects.Westwood\General\EntryHelper.hpp">
      <Filter>Header Files</Filter>
    </ClInclude>
    <ClInclude Include="Editor.Objects.Westwood\General\SpecialWeapon.hpp">
      <Filter>Header Files</Filter>
    </ClInclude>
    <ClInclude Include="Editor.Objects.Westwood\Types\WarheadType.hpp">
      <Filter>Header Files</Filter>
    </ClInclude>
    <ClInclude Include="Editor.Objects.Westwood\General\AudioVisual.hpp">
      <Filter>Header Files</Filter>
    </ClInclude>
    <ClInclude Include="Editor.Objects.Westwood\General\CombatDamage.hpp">
      <Filter>Header Files</Filter>
    </ClInclude>
    <ClInclude Include="Editor.Objects.Westwood\Types\Country.hpp">
      <Filter>Header Files</Filter>
    </ClInclude>
    <ClInclude Include="Editor.Engine\Game\Theater.hpp">
      <Filter>Header Files</Filter>
    </ClInclude>
    <ClInclude Include="Editor.Engine\Types\House.hpp">
      <Filter>Header Files</Filter>
    </ClInclude>
    <ClInclude Include="Arguments.hpp">
      <Filter>Header Files</Filter>
    </ClInclude>
    <ClInclude Include="Editor.Objects.Westwood\General\Side.hpp">
      <Filter>Header Files</Filter>
    </ClInclude>
    <ClInclude Include="Editor.Objects.Westwood\General\IQ.hpp">
      <Filter>Header Files</Filter>
    </ClInclude>
    <ClInclude Include="Editor.Configuration\ConfigLoader.hpp">
      <Filter>Header Files</Filter>
    </ClInclude>
    <ClInclude Include="Editor.Configuration\ConfigFile.hpp">
      <Filter>Header Files</Filter>
    </ClInclude>
    <ClInclude Include="Editor.Engine\Types\Waypoint.hpp">
      <Filter>Header Files</Filter>
    </ClInclude>
    <ClInclude Include="Editor.Engine\Types\BaseNode.hpp">
      <Filter>Header Files</Filter>
    </ClInclude>
    <ClInclude Include="Editor.Engine\Types\TeamTypes\TeamType.hpp">
      <Filter>Header Files</Filter>
    </ClInclude>
    <ClInclude Include="Editor.Engine\Types\TeamTypes\TaskForce.hpp">
      <Filter>Header Files</Filter>
    </ClInclude>
    <ClInclude Include="Editor.Engine\Types\TeamTypes\ScriptType.hpp">
      <Filter>Header Files</Filter>
    </ClInclude>
    <ClInclude Include="Editor.Engine\Types\Objects\Aircraft.hpp">
      <Filter>Header Files</Filter>
    </ClInclude>
    <ClInclude Include="Editor.Engine\Types\Objects\Infantry.hpp">
      <Filter>Header Files</Filter>
    </ClInclude>
    <ClInclude Include="Editor.Engine\Types\Objects\Structure.hpp">
      <Filter>Header Files</Filter>
    </ClInclude>
    <ClInclude Include="Editor.Engine\Types\Objects\Unit.hpp">
      <Filter>Header Files</Filter>
    </ClInclude>
    <ClInclude Include="Editor.Engine\Types\Triggers\Trigger.hpp">
      <Filter>Header Files</Filter>
    </ClInclude>
    <ClInclude Include="Editor.Engine\Types\Triggers\Tag.hpp">
      <Filter>Header Files</Filter>
    </ClInclude>
    <ClInclude Include="Editor.Engine\Types\Triggers\SubEvent.hpp">
      <Filter>Header Files</Filter>
    </ClInclude>
    <ClInclude Include="Editor.Engine\Types\Triggers\SubAction.hpp">
      <Filter>Header Files</Filter>
    </ClInclude>
    <ClInclude Include="Editor.Engine\Types\Triggers\Event.hpp">
      <Filter>Header Files</Filter>
    </ClInclude>
    <ClInclude Include="Editor.Engine\Types\Triggers\Action.hpp">
      <Filter>Header Files</Filter>
    </ClInclude>
    <ClInclude Include="Editor.Engine\Types\Objects\Terrain.hpp">
      <Filter>Header Files</Filter>
    </ClInclude>
    <ClInclude Include="Editor.Engine\Types\Tube.hpp">
      <Filter>Header Files</Filter>
    </ClInclude>
    <ClInclude Include="Editor.Engine\Types\Triggers\CellTag.hpp">
      <Filter>Header Files</Filter>
    </ClInclude>
    <ClInclude Include="Editor.FileSystem\CsfFile\CSFFile.hpp">
      <Filter>Header Files</Filter>
    </ClInclude>
    <ClInclude Include="Editor.FileSystem\FileManager\Managers\CSFManager.hpp">
      <Filter>Header Files</Filter>
    </ClInclude>
    <ClInclude Include="Editor.FileSystem\CsfFile\CSFEntry.hpp">
      <Filter>Header Files</Filter>
    </ClInclude>
    <ClInclude Include="Editor.Engine\Game\GameModeCollection.hpp">
      <Filter>Header Files</Filter>
    </ClInclude>
    <ClInclude Include="Editor.Engine\Game\GameMode.hpp">
      <Filter>Header Files</Filter>
    </ClInclude>
    <ClInclude Include="Editor.Engine\Types\VariableName.hpp">
      <Filter>Header Files</Filter>
    </ClInclude>
    <ClInclude Include="Editor.Engine\Types\AI\AITriggerEnable.hpp">
      <Filter>Header Files</Filter>
    </ClInclude>
    <ClInclude Include="Editor.Engine\Types\AI\AITriggerType.hpp">
      <Filter>Header Files</Filter>
    </ClInclude>
    <ClInclude Include="Editor.Engine\Types\TeamTypes\ScriptAction.hpp">
      <Filter>Header Files</Filter>
    </ClInclude>
    <ClInclude Include="Editor.Engine\Types\TeamTypes\TFEntry.hpp">
      <Filter>Header Files</Filter>
    </ClInclude>
    <ClInclude Include="Editor.Engine\Types\Smudge.hpp">
      <Filter>Header Files</Filter>
    </ClInclude>
    <ClInclude Include="Editor.Engine\Basics\Basic.hpp">
      <Filter>Header Files</Filter>
    </ClInclude>
    <ClInclude Include="Editor.Engine\Basics\MapStats.hpp">
      <Filter>Header Files</Filter>
    </ClInclude>
    <ClInclude Include="Editor.Engine\Basics\SpecialFlag.hpp">
      <Filter>Header Files</Filter>
    </ClInclude>
    <ClInclude Include="Editor.Engine\Basics\Lighting.hpp">
      <Filter>Header Files</Filter>
    </ClInclude>
    <ClInclude Include="Editor.Map.Validator\MainValidator.hpp">
      <Filter>Header Files</Filter>
    </ClInclude>
    <ClInclude Include="Editor.FileSystem\MapFile\ActionCollection.hpp">
      <Filter>Header Files</Filter>
    </ClInclude>
    <ClInclude Include="Editor.FileSystem\MapFile\EventCollection.hpp">
      <Filter>Header Files</Filter>
    </ClInclude>
    <ClInclude Include="Editor.FileSystem\MapFile\SActionCollection.hpp">
      <Filter>Header Files</Filter>
    </ClInclude>
    <ClInclude Include="Editor.FileSystem\MapFile\ParamCollection.hpp">
      <Filter>Header Files</Filter>
    </ClInclude>
    <ClInclude Include="Editor.FileSystem\MapFile\ParamType.hpp">
      <Filter>Header Files</Filter>
    </ClInclude>
    <ClInclude Include="Editor.FileSystem\MapFile\Base64.hpp">
      <Filter>Header Files</Filter>
    </ClInclude>
    <ClInclude Include="Editor.FileSystem\MapFile\lzoconf.h">
      <Filter>Header Files</Filter>
    </ClInclude>
    <ClInclude Include="Editor.FileSystem\MapFile\lzodefs.h">
      <Filter>Header Files</Filter>
    </ClInclude>
    <ClInclude Include="Editor.FileSystem\MapFile\minilzo.h">
      <Filter>Header Files</Filter>
    </ClInclude>
    <ClInclude Include="Editor.Engine\Map\PackType.hpp">
      <Filter>Header Files</Filter>
    </ClInclude>
    <ClInclude Include="Editor.Engine\Map\IsoMapPack.hpp">
      <Filter>Header Files</Filter>
    </ClInclude>
    <ClInclude Include="Editor.FileSystem\EncFile\EncFile.hpp">
      <Filter>Header Files</Filter>
    </ClInclude>
    <ClInclude Include="Editor.FileSystem\FileManager\Managers\EncManager.hpp">
      <Filter>Header Files</Filter>
    </ClInclude>
    <ClInclude Include="Editor.FileSystem\MapFile\Format80.h">
      <Filter>Header Files</Filter>
    </ClInclude>
    <ClInclude Include="Editor.Engine\Types\Overlay.h">
      <Filter>Header Files</Filter>
    </ClInclude>
    <ClInclude Include="GameDefinition.h">
      <Filter>Header Files</Filter>
    </ClInclude>
    <ClInclude Include="Editor.FileSystem\MapFile\ActionType.hpp">
      <Filter>Header Files</Filter>
    </ClInclude>
    <ClInclude Include="Editor.FileSystem\MapFile\EventType.hpp">
      <Filter>Header Files</Filter>
    </ClInclude>
    <ClInclude Include="Editor.FileSystem\MapFile\SActionType.hpp">
      <Filter>Header Files</Filter>
    </ClInclude>
    <ClInclude Include="Editor.Engine\Lists\ListProvider.h">
      <Filter>Header Files</Filter>
    </ClInclude>
    <ClInclude Include="Editor.Engine\Lists\TrivialList.h">
      <Filter>Header Files</Filter>
    </ClInclude>
    <ClInclude Include="Editor.Engine\Lists\IList.h">
      <Filter>Header Files</Filter>
    </ClInclude>
    <ClInclude Include="Editor.Engine\Lists\TypeList.h">
      <Filter>Header Files</Filter>
    </ClInclude>
    <ClInclude Include="Editor.Engine\Lists\ObjectList.h">
      <Filter>Header Files</Filter>
    </ClInclude>
    <ClInclude Include="Editor.Objects.Westwood\Managers\WWList.hpp">
      <Filter>Header Files</Filter>
    </ClInclude>
    <ClInclude Include="Editor.Objects.Westwood\Managers\WWListHelpers.hpp">
      <Filter>Header Files</Filter>
    </ClInclude>
    <ClInclude Include="Editor.Engine\Types\Managers\MapObjectList.hpp">
      <Filter>Header Files</Filter>
    </ClInclude>
    <ClInclude Include="Editor.Engine\Types\Managers\MapObjectListHelpers.hpp">
      <Filter>Header Files</Filter>
    </ClInclude>
    <ClInclude Include="Editor.Engine\Lists\NothingList.h">
      <Filter>Header Files</Filter>
    </ClInclude>
    <ClInclude Include="Editor.Objects.Westwood\AudioVisual\Movie.h">
      <Filter>Header Files</Filter>
    </ClInclude>
    <ClInclude Include="Editor.Objects.Westwood\AudioVisual\Sound.hpp">
      <Filter>Header Files</Filter>
    </ClInclude>
    <ClInclude Include="Editor.Objects.Westwood\AudioVisual\Speech.hpp">
      <Filter>Header Files</Filter>
    </ClInclude>
    <ClInclude Include="Editor.Objects.Westwood\AudioVisual\Theme.hpp">
      <Filter>Header Files</Filter>
    </ClInclude>
    <ClInclude Include="Editor.Engine\Lists\AITypeList.h">
      <Filter>Header Files</Filter>
    </ClInclude>
    <ClInclude Include="Editor.Engine\Lists\StringList.h">
      <Filter>Header Files</Filter>
    </ClInclude>
    <ClInclude Include="Editor.Engine\Lists\TechnoList.h">
      <Filter>Header Files</Filter>
    </ClInclude>
    <ClInclude Include="Editor.Engine\Lists\GroupList.h">
      <Filter>Header Files</Filter>
    </ClInclude>
    <ClInclude Include="Editor.FileSystem\FileManager\TextReader.h">
      <Filter>Header Files</Filter>
    </ClInclude>
    <ClInclude Include="Editor.Map.Validator\Trigger\ActionValidator.h">
      <Filter>Header Files</Filter>
    </ClInclude>
    <ClInclude Include="Editor.Map.Validator\Trigger\EventValidator.h">
      <Filter>Header Files</Filter>
    </ClInclude>
    <ClInclude Include="Editor.Map.Validator\Trigger\TriggerValidator.hpp">
      <Filter>Header Files</Filter>
    </ClInclude>
    <ClInclude Include="Editor.Map.Validator\AI\AIValidator.hpp">
      <Filter>Header Files</Filter>
    </ClInclude>
    <ClInclude Include="Editor.Map.Validator\Basic\BasicValidator.hpp">
      <Filter>Header Files</Filter>
    </ClInclude>
    <ClInclude Include="Editor.Map.Validator\Basic\MiscValidator.hpp">
      <Filter>Header Files</Filter>
    </ClInclude>
    <ClInclude Include="Editor.Map.Validator\AI\TeamValidator.hpp">
      <Filter>Header Files</Filter>
    </ClInclude>
    <ClInclude Include="Editor.Map.Validator\Object\ObjectValidator.hpp">
      <Filter>Header Files</Filter>
    </ClInclude>
    <ClInclude Include="Editor.Map.Validator\Object\OverlayValidator.hpp">
      <Filter>Header Files</Filter>
    </ClInclude>
    <ClInclude Include="Editor.FileSystem\MapFile\ParamContent.h">
      <Filter>Header Files</Filter>
    </ClInclude>
    <ClInclude Include="Editor.Engine\Lists\ScriptList.h">
      <Filter>Header Files</Filter>
    </ClInclude>
    <ClInclude Include="Editor.Objects.Westwood\General\GameColor.h">
      <Filter>Header Files</Filter>
    </ClInclude>
    <ClInclude Include="Editor.Engine\Types\SpecialOverlays.h">
      <Filter>Header Files</Filter>
    </ClInclude>
    <ClInclude Include="Editor.FileSystem\MapFile\INameHelper.h">
      <Filter>Header Files</Filter>
    </ClInclude>
    <ClInclude Include="Editor.Objects.Westwood\OverlayTypeValidator.h">
      <Filter>Header Files</Filter>
    </ClInclude>
    <ClInclude Include="Editor.FileSystem\MapFile\MapWriter.h">
      <Filter>Header Files</Filter>
    </ClInclude>
    <ClInclude Include="Editor.FileSystem\MapFile\WriterHelper.h">
      <Filter>Header Files</Filter>
    </ClInclude>
    <ClInclude Include="Editor.FileSystem\FileManager\FileWriter.h">
      <Filter>Header Files</Filter>
    </ClInclude>
    <ClInclude Include="Editor.Engine\Map\OverlayPack.hpp">
      <Filter>Header Files</Filter>
    </ClInclude>
    <ClInclude Include="Editor.Engine\Map\PreviewPack.h">
      <Filter>Header Files</Filter>
    </ClInclude>
    <ClInclude Include="Editor.FileSystem\MapFile\MapMods.h">
      <Filter>Header Files</Filter>
    </ClInclude>
    <ClInclude Include="Editor.FileSystem\MapFile\MapModsHelper.h">
      <Filter>Header Files</Filter>
    </ClInclude>
  </ItemGroup>
  <ItemGroup>
    <ClCompile Include="stdafx.cpp">
      <Filter>Source Files</Filter>
    </ClCompile>
    <ClCompile Include="Map_Editor_BaseCode.cpp">
      <Filter>Source Files</Filter>
    </ClCompile>
    <ClCompile Include="Utils.cpp">
      <Filter>Source Files</Filter>
    </ClCompile>
    <ClCompile Include="Editor.FileSystem\INIFile\INIFile.cpp">
      <Filter>Source Files</Filter>
    </ClCompile>
    <ClCompile Include="Editor.FileSystem\INIFile\INISection.cpp">
      <Filter>Source Files</Filter>
    </ClCompile>
    <ClCompile Include="Editor.FileSystem\INIFile\LineSplitter.cpp">
      <Filter>Source Files</Filter>
    </ClCompile>
    <ClCompile Include="Editor.FileSystem\MixFile\Blowfish.cpp">
      <Filter>Source Files</Filter>
    </ClCompile>
    <ClCompile Include="Editor.FileSystem\MixFile\Ccrc.cpp">
      <Filter>Source Files</Filter>
    </ClCompile>
    <ClCompile Include="Editor.FileSystem\MixFile\KeyCalculator.cpp">
      <Filter>Source Files</Filter>
    </ClCompile>
    <ClCompile Include="Editor.FileSystem\MixFile\MixFile.cpp">
      <Filter>Source Files</Filter>
    </ClCompile>
    <ClCompile Include="Editor.FileSystem\PaletteFile\PaletteFile.cpp">
      <Filter>Source Files</Filter>
    </ClCompile>
    <ClCompile Include="Editor.FileSystem\TmpFile\TMPFile.cpp">
      <Filter>Source Files</Filter>
    </ClCompile>
    <ClCompile Include="Editor.FileSystem\TmpFile\TMPImage.cpp">
      <Filter>Source Files</Filter>
    </ClCompile>
    <ClCompile Include="Editor.Objects.Westwood\Vector2D.cpp">
      <Filter>Source Files</Filter>
    </ClCompile>
    <ClCompile Include="Editor.Objects.Westwood\Vector3D.cpp">
      <Filter>Source Files</Filter>
    </ClCompile>
    <ClCompile Include="Editor.Engine\Loading\MapAssetLoader.cpp">
      <Filter>Source Files</Filter>
    </ClCompile>
    <ClCompile Include="Editor.Engine\Loading\MapLoader.cpp">
      <Filter>Source Files</Filter>
    </ClCompile>
    <ClCompile Include="Editor.Engine\Loading\StartupLoader.cpp">
      <Filter>Source Files</Filter>
    </ClCompile>
    <ClCompile Include="Editor.Engine\Map\Map.cpp">
      <Filter>Source Files</Filter>
    </ClCompile>
    <ClCompile Include="Editor.Engine\Map\TheaterCollection.cpp">
      <Filter>Source Files</Filter>
    </ClCompile>
    <ClCompile Include="Editor.Engine\Map\TheaterDefinition.cpp">
      <Filter>Source Files</Filter>
    </ClCompile>
    <ClCompile Include="Editor.FileSystem\FileManager\BinaryReader.cpp">
      <Filter>Source Files</Filter>
    </ClCompile>
    <ClCompile Include="Editor.FileSystem\FileManager\FileSystem.cpp">
      <Filter>Source Files</Filter>
    </ClCompile>
    <ClCompile Include="Editor.FileSystem\FileManager\RawFileSystem.cpp">
      <Filter>Source Files</Filter>
    </ClCompile>
    <ClCompile Include="Editor.FileSystem\FileManager\Managers\MixManager.cpp">
      <Filter>Source Files</Filter>
    </ClCompile>
    <ClCompile Include="Editor.FileSystem\FileManager\Managers\INIManager.cpp">
      <Filter>Source Files</Filter>
    </ClCompile>
    <ClCompile Include="Editor.FileSystem\FileManager\Managers\TMPManager.cpp">
      <Filter>Source Files</Filter>
    </ClCompile>
    <ClCompile Include="Editor.FileSystem\ShpFile\ShpImage.cpp">
      <Filter>Source Files</Filter>
    </ClCompile>
    <ClCompile Include="Editor.FileSystem\ShpFile\ShpFile.cpp">
      <Filter>Source Files</Filter>
    </ClCompile>
    <ClCompile Include="Editor.FileSystem\FileManager\Managers\SHPManager.cpp">
      <Filter>Source Files</Filter>
    </ClCompile>
    <ClCompile Include="Editor.FileSystem\ShpFile\Format3.cpp">
      <Filter>Source Files</Filter>
    </ClCompile>
    <ClCompile Include="Editor.FileSystem\HvaFile\HVAFile.cpp">
      <Filter>Source Files</Filter>
    </ClCompile>
    <ClCompile Include="Editor.FileSystem\VoxelFile\VPLFile.cpp">
      <Filter>Source Files</Filter>
    </ClCompile>
    <ClCompile Include="Editor.FileSystem\VoxelFile\VXLFile.cpp">
      <Filter>Source Files</Filter>
    </ClCompile>
    <ClCompile Include="Editor.FileSystem\FileManager\Managers\PALManager.cpp">
      <Filter>Source Files</Filter>
    </ClCompile>
    <ClCompile Include="Editor.FileSystem\FileManager\Managers\VXLManager.cpp">
      <Filter>Source Files</Filter>
    </ClCompile>
    <ClCompile Include="Editor.Engine\Map\TileSet.cpp">
      <Filter>Source Files</Filter>
    </ClCompile>
    <ClCompile Include="Editor.Objects.Westwood\Types\AbstractType.cpp">
      <Filter>Source Files</Filter>
    </ClCompile>
    <ClCompile Include="Editor.Objects.Westwood\Types\AircraftType.cpp">
      <Filter>Source Files</Filter>
    </ClCompile>
    <ClCompile Include="Editor.Objects.Westwood\Types\Animation.cpp">
      <Filter>Source Files</Filter>
    </ClCompile>
    <ClCompile Include="Editor.Objects.Westwood\Types\BuildingType.cpp">
      <Filter>Source Files</Filter>
    </ClCompile>
    <ClCompile Include="Editor.Objects.Westwood\Types\Foundation.cpp">
      <Filter>Source Files</Filter>
    </ClCompile>
    <ClCompile Include="Editor.Objects.Westwood\Types\InfantryType.cpp">
      <Filter>Source Files</Filter>
    </ClCompile>
    <ClCompile Include="Editor.Objects.Westwood\Types\ObjectType.cpp">
      <Filter>Source Files</Filter>
    </ClCompile>
    <ClCompile Include="Editor.Objects.Westwood\Types\OverlayType.cpp">
      <Filter>Source Files</Filter>
    </ClCompile>
    <ClCompile Include="Editor.Objects.Westwood\Types\SmudgeType.cpp">
      <Filter>Source Files</Filter>
    </ClCompile>
    <ClCompile Include="Editor.Objects.Westwood\Types\TechnoType.cpp">
      <Filter>Source Files</Filter>
    </ClCompile>
    <ClCompile Include="Editor.Objects.Westwood\Types\TerrainType.cpp">
      <Filter>Source Files</Filter>
    </ClCompile>
    <ClCompile Include="Editor.Objects.Westwood\Types\Tiberium.cpp">
      <Filter>Source Files</Filter>
    </ClCompile>
    <ClCompile Include="Editor.Objects.Westwood\Types\VehicleType.cpp">
      <Filter>Source Files</Filter>
    </ClCompile>
    <ClCompile Include="Log.cpp">
      <Filter>Source Files</Filter>
    </ClCompile>
    <ClCompile Include="Config.cpp">
      <Filter>Source Files</Filter>
    </ClCompile>
    <ClCompile Include="Editor.Objects.Westwood\Types\SuperWeaponType.cpp">
      <Filter>Source Files</Filter>
    </ClCompile>
    <ClCompile Include="Editor.Objects.Westwood\Types\ParticleType.cpp">
      <Filter>Source Files</Filter>
    </ClCompile>
    <ClCompile Include="Editor.Objects.Westwood\Types\VoxelAnimType.cpp">
      <Filter>Source Files</Filter>
    </ClCompile>
    <ClCompile Include="Editor.Objects.Westwood\Types\WeaponType.cpp">
      <Filter>Source Files</Filter>
    </ClCompile>
    <ClCompile Include="Editor.Objects.Westwood\Types\ProjectileType.cpp">
      <Filter>Source Files</Filter>
    </ClCompile>
    <ClCompile Include="Editor.Objects.Westwood\General\General.cpp">
      <Filter>Source Files</Filter>
    </ClCompile>
    <ClCompile Include="Editor.Objects.Westwood\General\AI.cpp">
      <Filter>Source Files</Filter>
    </ClCompile>
    <ClCompile Include="Editor.Objects.Westwood\General\SpecialWeapon.cpp">
      <Filter>Source Files</Filter>
    </ClCompile>
    <ClCompile Include="Editor.Objects.Westwood\Types\WarheadType.cpp">
      <Filter>Source Files</Filter>
    </ClCompile>
    <ClCompile Include="Editor.Objects.Westwood\General\AudioVisual.cpp">
      <Filter>Source Files</Filter>
    </ClCompile>
    <ClCompile Include="Editor.Objects.Westwood\General\CombatDamage.cpp">
      <Filter>Source Files</Filter>
    </ClCompile>
    <ClCompile Include="Editor.Objects.Westwood\Types\Country.cpp">
      <Filter>Source Files</Filter>
    </ClCompile>
    <ClCompile Include="Editor.Engine\Game\Theater.cpp">
      <Filter>Source Files</Filter>
    </ClCompile>
    <ClCompile Include="Editor.Engine\Types\House.cpp">
      <Filter>Source Files</Filter>
    </ClCompile>
    <ClCompile Include="Editor.Objects.Westwood\General\Side.cpp">
      <Filter>Source Files</Filter>
    </ClCompile>
    <ClCompile Include="Editor.Objects.Westwood\General\IQ.cpp">
      <Filter>Source Files</Filter>
    </ClCompile>
    <ClCompile Include="Editor.Configuration\ConfigLoader.cpp">
      <Filter>Source Files</Filter>
    </ClCompile>
    <ClCompile Include="Editor.Configuration\ConfigFile.cpp">
      <Filter>Source Files</Filter>
    </ClCompile>
    <ClCompile Include="Editor.Engine\Types\Waypoint.cpp">
      <Filter>Source Files</Filter>
    </ClCompile>
    <ClCompile Include="Editor.Engine\Types\BaseNode.cpp">
      <Filter>Source Files</Filter>
    </ClCompile>
    <ClCompile Include="Editor.Engine\Types\TeamTypes\TeamType.cpp">
      <Filter>Source Files</Filter>
    </ClCompile>
    <ClCompile Include="Editor.Engine\Types\TeamTypes\TaskForce.cpp">
      <Filter>Source Files</Filter>
    </ClCompile>
    <ClCompile Include="Editor.Engine\Types\TeamTypes\ScriptType.cpp">
      <Filter>Source Files</Filter>
    </ClCompile>
    <ClCompile Include="Editor.Engine\Types\Objects\Aircraft.cpp">
      <Filter>Source Files</Filter>
    </ClCompile>
    <ClCompile Include="Editor.Engine\Types\Objects\Infantry.cpp">
      <Filter>Source Files</Filter>
    </ClCompile>
    <ClCompile Include="Editor.Engine\Types\Objects\Structure.cpp">
      <Filter>Source Files</Filter>
    </ClCompile>
    <ClCompile Include="Editor.Engine\Types\Objects\Unit.cpp">
      <Filter>Source Files</Filter>
    </ClCompile>
    <ClCompile Include="Editor.Engine\Types\Triggers\Trigger.cpp">
      <Filter>Source Files</Filter>
    </ClCompile>
    <ClCompile Include="Editor.Engine\Types\Triggers\Tag.cpp">
      <Filter>Source Files</Filter>
    </ClCompile>
    <ClCompile Include="Editor.Engine\Types\Triggers\SubEvent.cpp">
      <Filter>Source Files</Filter>
    </ClCompile>
    <ClCompile Include="Editor.Engine\Types\Triggers\SubAction.cpp">
      <Filter>Source Files</Filter>
    </ClCompile>
    <ClCompile Include="Editor.Engine\Types\Triggers\Event.cpp">
      <Filter>Source Files</Filter>
    </ClCompile>
    <ClCompile Include="Editor.Engine\Types\Triggers\Action.cpp">
      <Filter>Source Files</Filter>
    </ClCompile>
    <ClCompile Include="Editor.Engine\Types\Objects\Terrain.cpp">
      <Filter>Source Files</Filter>
    </ClCompile>
    <ClCompile Include="Editor.Engine\Types\Tube.cpp">
      <Filter>Source Files</Filter>
    </ClCompile>
    <ClCompile Include="Editor.Engine\Types\Triggers\CellTag.cpp">
      <Filter>Source Files</Filter>
    </ClCompile>
    <ClCompile Include="Editor.FileSystem\CsfFile\CSFFile.cpp">
      <Filter>Source Files</Filter>
    </ClCompile>
    <ClCompile Include="Editor.FileSystem\FileManager\Managers\CSFManager.cpp">
      <Filter>Source Files</Filter>
    </ClCompile>
    <ClCompile Include="Editor.FileSystem\CsfFile\CSFEntry.cpp">
      <Filter>Source Files</Filter>
    </ClCompile>
    <ClCompile Include="Editor.Engine\Game\GameMode.cpp">
      <Filter>Source Files</Filter>
    </ClCompile>
    <ClCompile Include="Editor.Engine\Game\GameModeCollection.cpp">
      <Filter>Source Files</Filter>
    </ClCompile>
    <ClCompile Include="Editor.Engine\Types\VariableName.cpp">
      <Filter>Source Files</Filter>
    </ClCompile>
    <ClCompile Include="Editor.Engine\Types\AI\AITriggerEnable.cpp">
      <Filter>Source Files</Filter>
    </ClCompile>
    <ClCompile Include="Editor.Engine\Types\AI\AITriggerType.cpp">
      <Filter>Source Files</Filter>
    </ClCompile>
    <ClCompile Include="Editor.Engine\Types\TeamTypes\ScriptAction.cpp">
      <Filter>Source Files</Filter>
    </ClCompile>
    <ClCompile Include="Editor.Engine\Types\TeamTypes\TFEntry.cpp">
      <Filter>Source Files</Filter>
    </ClCompile>
    <ClCompile Include="Editor.Engine\Types\Smudge.cpp">
      <Filter>Source Files</Filter>
    </ClCompile>
    <ClCompile Include="Editor.Engine\Basics\Basic.cpp">
      <Filter>Source Files</Filter>
    </ClCompile>
    <ClCompile Include="Editor.Engine\Basics\MapStats.cpp">
      <Filter>Source Files</Filter>
    </ClCompile>
    <ClCompile Include="Editor.Engine\Basics\SpecialFlag.cpp">
      <Filter>Source Files</Filter>
    </ClCompile>
    <ClCompile Include="Editor.Engine\Basics\Lighting.cpp">
      <Filter>Source Files</Filter>
    </ClCompile>
    <ClCompile Include="Editor.FileSystem\MapFile\ActionCollection.cpp">
      <Filter>Source Files</Filter>
    </ClCompile>
    <ClCompile Include="Editor.FileSystem\MapFile\EventCollection.cpp">
      <Filter>Source Files</Filter>
    </ClCompile>
    <ClCompile Include="Editor.FileSystem\MapFile\SActionCollection.cpp">
      <Filter>Source Files</Filter>
    </ClCompile>
    <ClCompile Include="Editor.FileSystem\MapFile\ParamCollection.cpp">
      <Filter>Source Files</Filter>
    </ClCompile>
    <ClCompile Include="Editor.FileSystem\MapFile\ParamType.cpp">
      <Filter>Source Files</Filter>
    </ClCompile>
    <ClCompile Include="Editor.FileSystem\MapFile\Base64.cpp">
      <Filter>Source Files</Filter>
    </ClCompile>
    <ClCompile Include="Editor.Engine\Map\PackType.cpp">
      <Filter>Source Files</Filter>
    </ClCompile>
    <ClCompile Include="Editor.Engine\Map\IsoMapPack.cpp">
      <Filter>Source Files</Filter>
    </ClCompile>
    <ClCompile Include="Editor.FileSystem\EncFile\EncFile.cpp">
      <Filter>Source Files</Filter>
    </ClCompile>
    <ClCompile Include="Editor.FileSystem\FileManager\Managers\EncManager.cpp">
      <Filter>Source Files</Filter>
    </ClCompile>
    <ClCompile Include="Editor.FileSystem\MapFile\Format80.cpp">
      <Filter>Source Files</Filter>
    </ClCompile>
    <ClCompile Include="Editor.Engine\Types\Overlay.cpp">
      <Filter>Source Files</Filter>
    </ClCompile>
    <ClCompile Include="GameDefinition.cpp">
      <Filter>Source Files</Filter>
    </ClCompile>
    <ClCompile Include="Editor.FileSystem\MapFile\ActionType.cpp">
      <Filter>Source Files</Filter>
    </ClCompile>
    <ClCompile Include="Editor.FileSystem\MapFile\EventType.cpp">
      <Filter>Source Files</Filter>
    </ClCompile>
    <ClCompile Include="Editor.FileSystem\MapFile\SActionType.cpp">
      <Filter>Source Files</Filter>
    </ClCompile>
    <ClCompile Include="Editor.Engine\Lists\ListProvider.cpp">
      <Filter>Source Files</Filter>
    </ClCompile>
    <ClCompile Include="Editor.Objects.Westwood\AudioVisual\Movie.cpp">
      <Filter>Source Files</Filter>
    </ClCompile>
    <ClCompile Include="Editor.Objects.Westwood\AudioVisual\Sound.cpp">
      <Filter>Source Files</Filter>
    </ClCompile>
    <ClCompile Include="Editor.Objects.Westwood\AudioVisual\Speech.cpp">
      <Filter>Source Files</Filter>
    </ClCompile>
    <ClCompile Include="Editor.Objects.Westwood\AudioVisual\Theme.cpp">
      <Filter>Source Files</Filter>
    </ClCompile>
    <ClCompile Include="Editor.FileSystem\FileManager\TextReader.cpp">
      <Filter>Source Files</Filter>
    </ClCompile>
    <ClCompile Include="Editor.FileSystem\MapFile\minilzo.c">
      <Filter>Source Files</Filter>
    </ClCompile>
    <ClCompile Include="Editor.Map.Validator\Trigger\ActionValidator.cpp">
      <Filter>Source Files</Filter>
    </ClCompile>
    <ClCompile Include="Editor.Map.Validator\Trigger\EventValidator.cpp">
      <Filter>Source Files</Filter>
    </ClCompile>
    <ClCompile Include="Editor.Map.Validator\Trigger\TriggerValidator.cpp">
      <Filter>Source Files</Filter>
    </ClCompile>
    <ClCompile Include="Editor.Map.Validator\AI\AIValidator.cpp">
      <Filter>Source Files</Filter>
    </ClCompile>
    <ClCompile Include="Editor.Map.Validator\Basic\BasicValidator.cpp">
      <Filter>Source Files</Filter>
    </ClCompile>
    <ClCompile Include="Editor.Map.Validator\Basic\MiscValidator.cpp">
      <Filter>Source Files</Filter>
    </ClCompile>
    <ClCompile Include="Editor.Map.Validator\AI\TeamValidator.cpp">
      <Filter>Source Files</Filter>
    </ClCompile>
    <ClCompile Include="Editor.Map.Validator\Object\ObjectValidator.cpp">
      <Filter>Source Files</Filter>
    </ClCompile>
    <ClCompile Include="Editor.Map.Validator\Object\OverlayValidator.cpp">
      <Filter>Source Files</Filter>
    </ClCompile>
    <ClCompile Include="Editor.Objects.Westwood\General\GameColor.cpp">
      <Filter>Source Files</Filter>
    </ClCompile>
    <ClCompile Include="Editor.Objects.Westwood\OverlayTypeValidator.cpp">
      <Filter>Source Files</Filter>
    </ClCompile>
    <ClCompile Include="Editor.FileSystem\MapFile\MapWriter.cpp">
      <Filter>Source Files</Filter>
    </ClCompile>
    <ClCompile Include="Editor.FileSystem\FileManager\FileWriter.cpp">
      <Filter>Source Files</Filter>
    </ClCompile>
    <ClCompile Include="Editor.Engine\Map\OverlayPack.cpp">
      <Filter>Source Files</Filter>
    </ClCompile>
    <ClCompile Include="Editor.Engine\Map\PreviewPack.cpp">
      <Filter>Source Files</Filter>
    </ClCompile>
    <ClCompile Include="Editor.FileSystem\MapFile\MapMods.cpp">
      <Filter>Source Files</Filter>
    </ClCompile>
  </ItemGroup>
</Project>